// !$*UTF8*$!
{
	archiveVersion = 1;
	classes = {
	};
	objectVersion = 46;
	objects = {

/* Begin PBXBuildFile section */
		0733F9EB1C55D8E300BD7C6A /* AppDelegate.swift in Sources */ = {isa = PBXBuildFile; fileRef = 0733F9EA1C55D8E300BD7C6A /* AppDelegate.swift */; };
		0733F9ED1C55D8E300BD7C6A /* ViewController.swift in Sources */ = {isa = PBXBuildFile; fileRef = 0733F9EC1C55D8E300BD7C6A /* ViewController.swift */; };
		0733F9F01C55D8E300BD7C6A /* Main.storyboard in Resources */ = {isa = PBXBuildFile; fileRef = 0733F9EE1C55D8E300BD7C6A /* Main.storyboard */; };
		0733F9F21C55D8E300BD7C6A /* Assets.xcassets in Resources */ = {isa = PBXBuildFile; fileRef = 0733F9F11C55D8E300BD7C6A /* Assets.xcassets */; };
		0733F9F51C55D8E300BD7C6A /* LaunchScreen.storyboard in Resources */ = {isa = PBXBuildFile; fileRef = 0733F9F31C55D8E300BD7C6A /* LaunchScreen.storyboard */; };
		0733FA001C55D8E300BD7C6A /* tipsTests.swift in Sources */ = {isa = PBXBuildFile; fileRef = 0733F9FF1C55D8E300BD7C6A /* tipsTests.swift */; };
		0733FA0B1C55D8E300BD7C6A /* tipsUITests.swift in Sources */ = {isa = PBXBuildFile; fileRef = 0733FA0A1C55D8E300BD7C6A /* tipsUITests.swift */; };
/* End PBXBuildFile section */

/* Begin PBXContainerItemProxy section */
		0733F9FC1C55D8E300BD7C6A /* PBXContainerItemProxy */ = {
			isa = PBXContainerItemProxy;
			containerPortal = 0733F9DF1C55D8E300BD7C6A /* Project object */;
			proxyType = 1;
			remoteGlobalIDString = 0733F9E61C55D8E300BD7C6A;
			remoteInfo = tips;
		};
		0733FA071C55D8E300BD7C6A /* PBXContainerItemProxy */ = {
			isa = PBXContainerItemProxy;
			containerPortal = 0733F9DF1C55D8E300BD7C6A /* Project object */;
			proxyType = 1;
			remoteGlobalIDString = 0733F9E61C55D8E300BD7C6A;
			remoteInfo = tips;
		};
/* End PBXContainerItemProxy section */

/* Begin PBXFileReference section */
		0733F9E71C55D8E300BD7C6A /* tips.app */ = {isa = PBXFileReference; explicitFileType = wrapper.application; includeInIndex = 0; path = tips.app; sourceTree = BUILT_PRODUCTS_DIR; };
		0733F9EA1C55D8E300BD7C6A /* AppDelegate.swift */ = {isa = PBXFileReference; lastKnownFileType = sourcecode.swift; path = AppDelegate.swift; sourceTree = "<group>"; };
		0733F9EC1C55D8E300BD7C6A /* ViewController.swift */ = {isa = PBXFileReference; lastKnownFileType = sourcecode.swift; path = ViewController.swift; sourceTree = "<group>"; };
		0733F9EF1C55D8E300BD7C6A /* Base */ = {isa = PBXFileReference; lastKnownFileType = file.storyboard; name = Base; path = Base.lproj/Main.storyboard; sourceTree = "<group>"; };
		0733F9F11C55D8E300BD7C6A /* Assets.xcassets */ = {isa = PBXFileReference; lastKnownFileType = folder.assetcatalog; path = Assets.xcassets; sourceTree = "<group>"; };
		0733F9F41C55D8E300BD7C6A /* Base */ = {isa = PBXFileReference; lastKnownFileType = file.storyboard; name = Base; path = Base.lproj/LaunchScreen.storyboard; sourceTree = "<group>"; };
		0733F9F61C55D8E300BD7C6A /* Info.plist */ = {isa = PBXFileReference; lastKnownFileType = text.plist.xml; path = Info.plist; sourceTree = "<group>"; };
		0733F9FB1C55D8E300BD7C6A /* tipsTests.xctest */ = {isa = PBXFileReference; explicitFileType = wrapper.cfbundle; includeInIndex = 0; path = tipsTests.xctest; sourceTree = BUILT_PRODUCTS_DIR; };
		0733F9FF1C55D8E300BD7C6A /* tipsTests.swift */ = {isa = PBXFileReference; lastKnownFileType = sourcecode.swift; path = tipsTests.swift; sourceTree = "<group>"; };
		0733FA011C55D8E300BD7C6A /* Info.plist */ = {isa = PBXFileReference; lastKnownFileType = text.plist.xml; path = Info.plist; sourceTree = "<group>"; };
		0733FA061C55D8E300BD7C6A /* tipsUITests.xctest */ = {isa = PBXFileReference; explicitFileType = wrapper.cfbundle; includeInIndex = 0; path = tipsUITests.xctest; sourceTree = BUILT_PRODUCTS_DIR; };
		0733FA0A1C55D8E300BD7C6A /* tipsUITests.swift */ = {isa = PBXFileReference; lastKnownFileType = sourcecode.swift; path = tipsUITests.swift; sourceTree = "<group>"; };
		0733FA0C1C55D8E300BD7C6A /* Info.plist */ = {isa = PBXFileReference; lastKnownFileType = text.plist.xml; path = Info.plist; sourceTree = "<group>"; };
/* End PBXFileReference section */

/* Begin PBXFrameworksBuildPhase section */
		0733F9E41C55D8E300BD7C6A /* Frameworks */ = {
			isa = PBXFrameworksBuildPhase;
			buildActionMask = 2147483647;
			files = (
			);
			runOnlyForDeploymentPostprocessing = 0;
		};
		0733F9F81C55D8E300BD7C6A /* Frameworks */ = {
			isa = PBXFrameworksBuildPhase;
			buildActionMask = 2147483647;
			files = (
			);
			runOnlyForDeploymentPostprocessing = 0;
		};
		0733FA031C55D8E300BD7C6A /* Frameworks */ = {
			isa = PBXFrameworksBuildPhase;
			buildActionMask = 2147483647;
			files = (
			);
			runOnlyForDeploymentPostprocessing = 0;
		};
/* End PBXFrameworksBuildPhase section */

/* Begin PBXGroup section */
		0733F9DE1C55D8E300BD7C6A = {
			isa = PBXGroup;
			children = (
				0733F9E91C55D8E300BD7C6A /* tips */,
				0733F9FE1C55D8E300BD7C6A /* tipsTests */,
				0733FA091C55D8E300BD7C6A /* tipsUITests */,
				0733F9E81C55D8E300BD7C6A /* Products */,
			);
			sourceTree = "<group>";
		};
		0733F9E81C55D8E300BD7C6A /* Products */ = {
			isa = PBXGroup;
			children = (
				0733F9E71C55D8E300BD7C6A /* tips.app */,
				0733F9FB1C55D8E300BD7C6A /* tipsTests.xctest */,
				0733FA061C55D8E300BD7C6A /* tipsUITests.xctest */,
			);
			name = Products;
			sourceTree = "<group>";
		};
		0733F9E91C55D8E300BD7C6A /* tips */ = {
			isa = PBXGroup;
			children = (
				0733F9EA1C55D8E300BD7C6A /* AppDelegate.swift */,
				0733F9EC1C55D8E300BD7C6A /* ViewController.swift */,
				0733F9EE1C55D8E300BD7C6A /* Main.storyboard */,
				0733F9F11C55D8E300BD7C6A /* Assets.xcassets */,
				0733F9F31C55D8E300BD7C6A /* LaunchScreen.storyboard */,
				0733F9F61C55D8E300BD7C6A /* Info.plist */,
			);
			path = tips;
			sourceTree = "<group>";
		};
		0733F9FE1C55D8E300BD7C6A /* tipsTests */ = {
			isa = PBXGroup;
			children = (
				0733F9FF1C55D8E300BD7C6A /* tipsTests.swift */,
				0733FA011C55D8E300BD7C6A /* Info.plist */,
			);
			path = tipsTests;
			sourceTree = "<group>";
		};
		0733FA091C55D8E300BD7C6A /* tipsUITests */ = {
			isa = PBXGroup;
			children = (
				0733FA0A1C55D8E300BD7C6A /* tipsUITests.swift */,
				0733FA0C1C55D8E300BD7C6A /* Info.plist */,
			);
			path = tipsUITests;
			sourceTree = "<group>";
		};
/* End PBXGroup section */

/* Begin PBXNativeTarget section */
		0733F9E61C55D8E300BD7C6A /* tips */ = {
			isa = PBXNativeTarget;
			buildConfigurationList = 0733FA0F1C55D8E300BD7C6A /* Build configuration list for PBXNativeTarget "tips" */;
			buildPhases = (
				0733F9E31C55D8E300BD7C6A /* Sources */,
				0733F9E41C55D8E300BD7C6A /* Frameworks */,
				0733F9E51C55D8E300BD7C6A /* Resources */,
			);
			buildRules = (
			);
			dependencies = (
			);
			name = tips;
			productName = tips;
			productReference = 0733F9E71C55D8E300BD7C6A /* tips.app */;
			productType = "com.apple.product-type.application";
		};
		0733F9FA1C55D8E300BD7C6A /* tipsTests */ = {
			isa = PBXNativeTarget;
			buildConfigurationList = 0733FA121C55D8E300BD7C6A /* Build configuration list for PBXNativeTarget "tipsTests" */;
			buildPhases = (
				0733F9F71C55D8E300BD7C6A /* Sources */,
				0733F9F81C55D8E300BD7C6A /* Frameworks */,
				0733F9F91C55D8E300BD7C6A /* Resources */,
			);
			buildRules = (
			);
			dependencies = (
				0733F9FD1C55D8E300BD7C6A /* PBXTargetDependency */,
			);
			name = tipsTests;
			productName = tipsTests;
			productReference = 0733F9FB1C55D8E300BD7C6A /* tipsTests.xctest */;
			productType = "com.apple.product-type.bundle.unit-test";
		};
		0733FA051C55D8E300BD7C6A /* tipsUITests */ = {
			isa = PBXNativeTarget;
			buildConfigurationList = 0733FA151C55D8E300BD7C6A /* Build configuration list for PBXNativeTarget "tipsUITests" */;
			buildPhases = (
				0733FA021C55D8E300BD7C6A /* Sources */,
				0733FA031C55D8E300BD7C6A /* Frameworks */,
				0733FA041C55D8E300BD7C6A /* Resources */,
			);
			buildRules = (
			);
			dependencies = (
				0733FA081C55D8E300BD7C6A /* PBXTargetDependency */,
			);
			name = tipsUITests;
			productName = tipsUITests;
			productReference = 0733FA061C55D8E300BD7C6A /* tipsUITests.xctest */;
			productType = "com.apple.product-type.bundle.ui-testing";
		};
/* End PBXNativeTarget section */

/* Begin PBXProject section */
		0733F9DF1C55D8E300BD7C6A /* Project object */ = {
			isa = PBXProject;
			attributes = {
				LastUpgradeCheck = 0700;
				ORGANIZATIONNAME = "Vishay Nihalani";
				TargetAttributes = {
					0733F9E61C55D8E300BD7C6A = {
						CreatedOnToolsVersion = 7.0;
					};
					0733F9FA1C55D8E300BD7C6A = {
						CreatedOnToolsVersion = 7.0;
						TestTargetID = 0733F9E61C55D8E300BD7C6A;
					};
					0733FA051C55D8E300BD7C6A = {
						CreatedOnToolsVersion = 7.0;
						TestTargetID = 0733F9E61C55D8E300BD7C6A;
					};
				};
			};
			buildConfigurationList = 0733F9E21C55D8E300BD7C6A /* Build configuration list for PBXProject "tips" */;
			compatibilityVersion = "Xcode 3.2";
			developmentRegion = English;
			hasScannedForEncodings = 0;
			knownRegions = (
				en,
				Base,
			);
			mainGroup = 0733F9DE1C55D8E300BD7C6A;
			productRefGroup = 0733F9E81C55D8E300BD7C6A /* Products */;
			projectDirPath = "";
			projectRoot = "";
			targets = (
				0733F9E61C55D8E300BD7C6A /* tips */,
				0733F9FA1C55D8E300BD7C6A /* tipsTests */,
				0733FA051C55D8E300BD7C6A /* tipsUITests */,
			);
		};
/* End PBXProject section */

/* Begin PBXResourcesBuildPhase section */
		0733F9E51C55D8E300BD7C6A /* Resources */ = {
			isa = PBXResourcesBuildPhase;
			buildActionMask = 2147483647;
			files = (
				0733F9F51C55D8E300BD7C6A /* LaunchScreen.storyboard in Resources */,
				0733F9F21C55D8E300BD7C6A /* Assets.xcassets in Resources */,
				0733F9F01C55D8E300BD7C6A /* Main.storyboard in Resources */,
			);
			runOnlyForDeploymentPostprocessing = 0;
		};
		0733F9F91C55D8E300BD7C6A /* Resources */ = {
			isa = PBXResourcesBuildPhase;
			buildActionMask = 2147483647;
			files = (
			);
			runOnlyForDeploymentPostprocessing = 0;
		};
		0733FA041C55D8E300BD7C6A /* Resources */ = {
			isa = PBXResourcesBuildPhase;
			buildActionMask = 2147483647;
			files = (
			);
			runOnlyForDeploymentPostprocessing = 0;
		};
/* End PBXResourcesBuildPhase section */

/* Begin PBXSourcesBuildPhase section */
		0733F9E31C55D8E300BD7C6A /* Sources */ = {
			isa = PBXSourcesBuildPhase;
			buildActionMask = 2147483647;
			files = (
				0733F9ED1C55D8E300BD7C6A /* ViewController.swift in Sources */,
				0733F9EB1C55D8E300BD7C6A /* AppDelegate.swift in Sources */,
			);
			runOnlyForDeploymentPostprocessing = 0;
		};
		0733F9F71C55D8E300BD7C6A /* Sources */ = {
			isa = PBXSourcesBuildPhase;
			buildActionMask = 2147483647;
			files = (
				0733FA001C55D8E300BD7C6A /* tipsTests.swift in Sources */,
			);
			runOnlyForDeploymentPostprocessing = 0;
		};
		0733FA021C55D8E300BD7C6A /* Sources */ = {
			isa = PBXSourcesBuildPhase;
			buildActionMask = 2147483647;
			files = (
				0733FA0B1C55D8E300BD7C6A /* tipsUITests.swift in Sources */,
			);
			runOnlyForDeploymentPostprocessing = 0;
		};
/* End PBXSourcesBuildPhase section */

/* Begin PBXTargetDependency section */
		0733F9FD1C55D8E300BD7C6A /* PBXTargetDependency */ = {
			isa = PBXTargetDependency;
			target = 0733F9E61C55D8E300BD7C6A /* tips */;
			targetProxy = 0733F9FC1C55D8E300BD7C6A /* PBXContainerItemProxy */;
		};
		0733FA081C55D8E300BD7C6A /* PBXTargetDependency */ = {
			isa = PBXTargetDependency;
			target = 0733F9E61C55D8E300BD7C6A /* tips */;
			targetProxy = 0733FA071C55D8E300BD7C6A /* PBXContainerItemProxy */;
		};
/* End PBXTargetDependency section */

/* Begin PBXVariantGroup section */
		0733F9EE1C55D8E300BD7C6A /* Main.storyboard */ = {
			isa = PBXVariantGroup;
			children = (
				0733F9EF1C55D8E300BD7C6A /* Base */,
			);
			name = Main.storyboard;
			sourceTree = "<group>";
		};
		0733F9F31C55D8E300BD7C6A /* LaunchScreen.storyboard */ = {
			isa = PBXVariantGroup;
			children = (
				0733F9F41C55D8E300BD7C6A /* Base */,
			);
			name = LaunchScreen.storyboard;
			sourceTree = "<group>";
		};
/* End PBXVariantGroup section */

/* Begin XCBuildConfiguration section */
		0733FA0D1C55D8E300BD7C6A /* Debug */ = {
			isa = XCBuildConfiguration;
			buildSettings = {
				ALWAYS_SEARCH_USER_PATHS = NO;
				CLANG_CXX_LANGUAGE_STANDARD = "gnu++0x";
				CLANG_CXX_LIBRARY = "libc++";
				CLANG_ENABLE_MODULES = YES;
				CLANG_ENABLE_OBJC_ARC = YES;
				CLANG_WARN_BOOL_CONVERSION = YES;
				CLANG_WARN_CONSTANT_CONVERSION = YES;
				CLANG_WARN_DIRECT_OBJC_ISA_USAGE = YES_ERROR;
				CLANG_WARN_EMPTY_BODY = YES;
				CLANG_WARN_ENUM_CONVERSION = YES;
				CLANG_WARN_INT_CONVERSION = YES;
				CLANG_WARN_OBJC_ROOT_CLASS = YES_ERROR;
				CLANG_WARN_UNREACHABLE_CODE = YES;
				CLANG_WARN__DUPLICATE_METHOD_MATCH = YES;
				"CODE_SIGN_IDENTITY[sdk=iphoneos*]" = "iPhone Developer";
				COPY_PHASE_STRIP = NO;
				DEBUG_INFORMATION_FORMAT = dwarf;
				ENABLE_STRICT_OBJC_MSGSEND = YES;
				ENABLE_TESTABILITY = YES;
				GCC_C_LANGUAGE_STANDARD = gnu99;
				GCC_DYNAMIC_NO_PIC = NO;
				GCC_NO_COMMON_BLOCKS = YES;
				GCC_OPTIMIZATION_LEVEL = 0;
				GCC_PREPROCESSOR_DEFINITIONS = (
					"DEBUG=1",
					"$(inherited)",
				);
				GCC_WARN_64_TO_32_BIT_CONVERSION = YES;
				GCC_WARN_ABOUT_RETURN_TYPE = YES_ERROR;
				GCC_WARN_UNDECLARED_SELECTOR = YES;
				GCC_WARN_UNINITIALIZED_AUTOS = YES_AGGRESSIVE;
				GCC_WARN_UNUSED_FUNCTION = YES;
				GCC_WARN_UNUSED_VARIABLE = YES;
				IPHONEOS_DEPLOYMENT_TARGET = 9.0;
				MTL_ENABLE_DEBUG_INFO = YES;
				ONLY_ACTIVE_ARCH = YES;
				SDKROOT = iphoneos;
				SWIFT_OPTIMIZATION_LEVEL = "-Onone";
			};
			name = Debug;
		};
		0733FA0E1C55D8E300BD7C6A /* Release */ = {
			isa = XCBuildConfiguration;
			buildSettings = {
				ALWAYS_SEARCH_USER_PATHS = NO;
				CLANG_CXX_LANGUAGE_STANDARD = "gnu++0x";
				CLANG_CXX_LIBRARY = "libc++";
				CLANG_ENABLE_MODULES = YES;
				CLANG_ENABLE_OBJC_ARC = YES;
				CLANG_WARN_BOOL_CONVERSION = YES;
				CLANG_WARN_CONSTANT_CONVERSION = YES;
				CLANG_WARN_DIRECT_OBJC_ISA_USAGE = YES_ERROR;
				CLANG_WARN_EMPTY_BODY = YES;
				CLANG_WARN_ENUM_CONVERSION = YES;
				CLANG_WARN_INT_CONVERSION = YES;
				CLANG_WARN_OBJC_ROOT_CLASS = YES_ERROR;
				CLANG_WARN_UNREACHABLE_CODE = YES;
				CLANG_WARN__DUPLICATE_METHOD_MATCH = YES;
				"CODE_SIGN_IDENTITY[sdk=iphoneos*]" = "iPhone Developer";
				COPY_PHASE_STRIP = NO;
				DEBUG_INFORMATION_FORMAT = "dwarf-with-dsym";
				ENABLE_NS_ASSERTIONS = NO;
				ENABLE_STRICT_OBJC_MSGSEND = YES;
				GCC_C_LANGUAGE_STANDARD = gnu99;
				GCC_NO_COMMON_BLOCKS = YES;
				GCC_WARN_64_TO_32_BIT_CONVERSION = YES;
				GCC_WARN_ABOUT_RETURN_TYPE = YES_ERROR;
				GCC_WARN_UNDECLARED_SELECTOR = YES;
				GCC_WARN_UNINITIALIZED_AUTOS = YES_AGGRESSIVE;
				GCC_WARN_UNUSED_FUNCTION = YES;
				GCC_WARN_UNUSED_VARIABLE = YES;
				IPHONEOS_DEPLOYMENT_TARGET = 9.0;
				MTL_ENABLE_DEBUG_INFO = NO;
				SDKROOT = iphoneos;
				VALIDATE_PRODUCT = YES;
			};
			name = Release;
		};
		0733FA101C55D8E300BD7C6A /* Debug */ = {
			isa = XCBuildConfiguration;
			buildSettings = {
				ASSETCATALOG_COMPILER_APPICON_NAME = AppIcon;
				INFOPLIST_FILE = tips/Info.plist;
				LD_RUNPATH_SEARCH_PATHS = "$(inherited) @executable_path/Frameworks";
				PRODUCT_BUNDLE_IDENTIFIER = com.codepath.tips;
				PRODUCT_NAME = "$(TARGET_NAME)";
				TARGETED_DEVICE_FAMILY = 1;
			};
			name = Debug;
		};
		0733FA111C55D8E300BD7C6A /* Release */ = {
			isa = XCBuildConfiguration;
			buildSettings = {
				ASSETCATALOG_COMPILER_APPICON_NAME = AppIcon;
				INFOPLIST_FILE = tips/Info.plist;
				LD_RUNPATH_SEARCH_PATHS = "$(inherited) @executable_path/Frameworks";
				PRODUCT_BUNDLE_IDENTIFIER = com.codepath.tips;
				PRODUCT_NAME = "$(TARGET_NAME)";
				TARGETED_DEVICE_FAMILY = 1;
			};
			name = Release;
		};
		0733FA131C55D8E300BD7C6A /* Debug */ = {
			isa = XCBuildConfiguration;
			buildSettings = {
				BUNDLE_LOADER = "$(TEST_HOST)";
				INFOPLIST_FILE = tipsTests/Info.plist;
				LD_RUNPATH_SEARCH_PATHS = "$(inherited) @executable_path/Frameworks @loader_path/Frameworks";
				PRODUCT_BUNDLE_IDENTIFIER = com.codepath.tipsTests;
				PRODUCT_NAME = "$(TARGET_NAME)";
				TEST_HOST = "$(BUILT_PRODUCTS_DIR)/tips.app/tips";
			};
			name = Debug;
		};
		0733FA141C55D8E300BD7C6A /* Release */ = {
			isa = XCBuildConfiguration;
			buildSettings = {
				BUNDLE_LOADER = "$(TEST_HOST)";
				INFOPLIST_FILE = tipsTests/Info.plist;
				LD_RUNPATH_SEARCH_PATHS = "$(inherited) @executable_path/Frameworks @loader_path/Frameworks";
				PRODUCT_BUNDLE_IDENTIFIER = com.codepath.tipsTests;
				PRODUCT_NAME = "$(TARGET_NAME)";
				TEST_HOST = "$(BUILT_PRODUCTS_DIR)/tips.app/tips";
			};
			name = Release;
		};
		0733FA161C55D8E300BD7C6A /* Debug */ = {
			isa = XCBuildConfiguration;
			buildSettings = {
				INFOPLIST_FILE = tipsUITests/Info.plist;
				LD_RUNPATH_SEARCH_PATHS = "$(inherited) @executable_path/Frameworks @loader_path/Frameworks";
				PRODUCT_BUNDLE_IDENTIFIER = com.codepath.tipsUITests;
				PRODUCT_NAME = "$(TARGET_NAME)";
				TEST_TARGET_NAME = tips;
				USES_XCTRUNNER = YES;
			};
			name = Debug;
		};
		0733FA171C55D8E300BD7C6A /* Release */ = {
			isa = XCBuildConfiguration;
			buildSettings = {
				INFOPLIST_FILE = tipsUITests/Info.plist;
				LD_RUNPATH_SEARCH_PATHS = "$(inherited) @executable_path/Frameworks @loader_path/Frameworks";
				PRODUCT_BUNDLE_IDENTIFIER = com.codepath.tipsUITests;
				PRODUCT_NAME = "$(TARGET_NAME)";
				TEST_TARGET_NAME = tips;
				USES_XCTRUNNER = YES;
			};
			name = Release;
		};
/* End XCBuildConfiguration section */

/* Begin XCConfigurationList section */
		0733F9E21C55D8E300BD7C6A /* Build configuration list for PBXProject "tips" */ = {
			isa = XCConfigurationList;
			buildConfigurations = (
				0733FA0D1C55D8E300BD7C6A /* Debug */,
				0733FA0E1C55D8E300BD7C6A /* Release */,
			);
			defaultConfigurationIsVisible = 0;
			defaultConfigurationName = Release;
		};
		0733FA0F1C55D8E300BD7C6A /* Build configuration list for PBXNativeTarget "tips" */ = {
			isa = XCConfigurationList;
			buildConfigurations = (
				0733FA101C55D8E300BD7C6A /* Debug */,
				0733FA111C55D8E300BD7C6A /* Release */,
			);
			defaultConfigurationIsVisible = 0;
			defaultConfigurationName = Release;
		};
		0733FA121C55D8E300BD7C6A /* Build configuration list for PBXNativeTarget "tipsTests" */ = {
			isa = XCConfigurationList;
			buildConfigurations = (
				0733FA131C55D8E300BD7C6A /* Debug */,
				0733FA141C55D8E300BD7C6A /* Release */,
			);
			defaultConfigurationIsVisible = 0;
			defaultConfigurationName = Release;
		};
		0733FA151C55D8E300BD7C6A /* Build configuration list for PBXNativeTarget "tipsUITests" */ = {
			isa = XCConfigurationList;
			buildConfigurations = (
				0733FA161C55D8E300BD7C6A /* Debug */,
				0733FA171C55D8E300BD7C6A /* Release */,
			);
			defaultConfigurationIsVisible = 0;
			defaultConfigurationName = Release;
		};
/* End XCConfigurationList section */
	};
	rootObject = 0733F9DF1C55D8E300BD7C6A /* Project object */;
}
